// !$*UTF8*$!
{
	archiveVersion = 1;
	classes = {
	};
	objectVersion = 56;
	objects = {

/* Begin PBXBuildFile section */
		5EBB4ADE2A221212009C800F /* AppDelegate.swift in Sources */ = {isa = PBXBuildFile; fileRef = 5EBB4ADD2A221212009C800F /* AppDelegate.swift */; };
		5EBB4AE02A221212009C800F /* DocumentBrowserViewController.swift in Sources */ = {isa = PBXBuildFile; fileRef = 5EBB4ADF2A221212009C800F /* DocumentBrowserViewController.swift */; };
		5EBB4AE42A221212009C800F /* EmojiArtDocument.swift in Sources */ = {isa = PBXBuildFile; fileRef = 5EBB4AE32A221212009C800F /* EmojiArtDocument.swift */; };
		5EBB4AE72A221212009C800F /* Main.storyboard in Resources */ = {isa = PBXBuildFile; fileRef = 5EBB4AE52A221212009C800F /* Main.storyboard */; };
		5EBB4AE92A221212009C800F /* Assets.xcassets in Resources */ = {isa = PBXBuildFile; fileRef = 5EBB4AE82A221212009C800F /* Assets.xcassets */; };
		5EBB4AEC2A221212009C800F /* LaunchScreen.storyboard in Resources */ = {isa = PBXBuildFile; fileRef = 5EBB4AEA2A221212009C800F /* LaunchScreen.storyboard */; };
		5EBB4AFB2A22149E009C800F /* Utilities.swift in Sources */ = {isa = PBXBuildFile; fileRef = 5EBB4AF42A22149E009C800F /* Utilities.swift */; };
		5EBB4AFC2A22149E009C800F /* EmojiArt.swift in Sources */ = {isa = PBXBuildFile; fileRef = 5EBB4AF52A22149E009C800F /* EmojiArt.swift */; };
		5EBB4AFD2A22149E009C800F /* EmojiArtView+Gestures.swift in Sources */ = {isa = PBXBuildFile; fileRef = 5EBB4AF62A22149E009C800F /* EmojiArtView+Gestures.swift */; };
		5EBB4AFE2A22149E009C800F /* EmojiCollectionViewCell.swift in Sources */ = {isa = PBXBuildFile; fileRef = 5EBB4AF72A22149E009C800F /* EmojiCollectionViewCell.swift */; };
		5EBB4AFF2A22149E009C800F /* TextFieldCollectionViewCell.swift in Sources */ = {isa = PBXBuildFile; fileRef = 5EBB4AF82A22149E009C800F /* TextFieldCollectionViewCell.swift */; };
		5EBB4B002A22149E009C800F /* EmojiArtViewController.swift in Sources */ = {isa = PBXBuildFile; fileRef = 5EBB4AF92A22149E009C800F /* EmojiArtViewController.swift */; };
		5EBB4B012A22149E009C800F /* EmojiArtView.swift in Sources */ = {isa = PBXBuildFile; fileRef = 5EBB4AFA2A22149E009C800F /* EmojiArtView.swift */; };
/* End PBXBuildFile section */

/* Begin PBXFileReference section */
		5EBB4ADA2A221212009C800F /* EmojiArt.app */ = {isa = PBXFileReference; explicitFileType = wrapper.application; includeInIndex = 0; path = EmojiArt.app; sourceTree = BUILT_PRODUCTS_DIR; };
		5EBB4ADD2A221212009C800F /* AppDelegate.swift */ = {isa = PBXFileReference; lastKnownFileType = sourcecode.swift; path = AppDelegate.swift; sourceTree = "<group>"; };
		5EBB4ADF2A221212009C800F /* DocumentBrowserViewController.swift */ = {isa = PBXFileReference; lastKnownFileType = sourcecode.swift; path = DocumentBrowserViewController.swift; sourceTree = "<group>"; };
		5EBB4AE32A221212009C800F /* EmojiArtDocument.swift */ = {isa = PBXFileReference; lastKnownFileType = sourcecode.swift; path = EmojiArtDocument.swift; sourceTree = "<group>"; };
		5EBB4AE62A221212009C800F /* Base */ = {isa = PBXFileReference; lastKnownFileType = file.storyboard; name = Base; path = Base.lproj/Main.storyboard; sourceTree = "<group>"; };
		5EBB4AE82A221212009C800F /* Assets.xcassets */ = {isa = PBXFileReference; lastKnownFileType = folder.assetcatalog; path = Assets.xcassets; sourceTree = "<group>"; };
		5EBB4AEB2A221212009C800F /* Base */ = {isa = PBXFileReference; lastKnownFileType = file.storyboard; name = Base; path = Base.lproj/LaunchScreen.storyboard; sourceTree = "<group>"; };
		5EBB4AED2A221212009C800F /* Info.plist */ = {isa = PBXFileReference; lastKnownFileType = text.plist.xml; path = Info.plist; sourceTree = "<group>"; };
		5EBB4AF42A22149E009C800F /* Utilities.swift */ = {isa = PBXFileReference; fileEncoding = 4; lastKnownFileType = sourcecode.swift; path = Utilities.swift; sourceTree = "<group>"; };
		5EBB4AF52A22149E009C800F /* EmojiArt.swift */ = {isa = PBXFileReference; fileEncoding = 4; lastKnownFileType = sourcecode.swift; path = EmojiArt.swift; sourceTree = "<group>"; };
		5EBB4AF62A22149E009C800F /* EmojiArtView+Gestures.swift */ = {isa = PBXFileReference; fileEncoding = 4; lastKnownFileType = sourcecode.swift; path = "EmojiArtView+Gestures.swift"; sourceTree = "<group>"; };
		5EBB4AF72A22149E009C800F /* EmojiCollectionViewCell.swift */ = {isa = PBXFileReference; fileEncoding = 4; lastKnownFileType = sourcecode.swift; path = EmojiCollectionViewCell.swift; sourceTree = "<group>"; };
		5EBB4AF82A22149E009C800F /* TextFieldCollectionViewCell.swift */ = {isa = PBXFileReference; fileEncoding = 4; lastKnownFileType = sourcecode.swift; path = TextFieldCollectionViewCell.swift; sourceTree = "<group>"; };
		5EBB4AF92A22149E009C800F /* EmojiArtViewController.swift */ = {isa = PBXFileReference; fileEncoding = 4; lastKnownFileType = sourcecode.swift; path = EmojiArtViewController.swift; sourceTree = "<group>"; };
		5EBB4AFA2A22149E009C800F /* EmojiArtView.swift */ = {isa = PBXFileReference; fileEncoding = 4; lastKnownFileType = sourcecode.swift; path = EmojiArtView.swift; sourceTree = "<group>"; };
/* End PBXFileReference section */

/* Begin PBXFrameworksBuildPhase section */
		5EBB4AD72A221212009C800F /* Frameworks */ = {
			isa = PBXFrameworksBuildPhase;
			buildActionMask = 2147483647;
			files = (
			);
			runOnlyForDeploymentPostprocessing = 0;
		};
/* End PBXFrameworksBuildPhase section */

/* Begin PBXGroup section */
		5EBB4AD12A221212009C800F = {
			isa = PBXGroup;
			children = (
				5EBB4ADC2A221212009C800F /* EmojiArt */,
				5EBB4ADB2A221212009C800F /* Products */,
			);
			sourceTree = "<group>";
		};
		5EBB4ADB2A221212009C800F /* Products */ = {
			isa = PBXGroup;
			children = (
				5EBB4ADA2A221212009C800F /* EmojiArt.app */,
			);
			name = Products;
			sourceTree = "<group>";
		};
		5EBB4ADC2A221212009C800F /* EmojiArt */ = {
			isa = PBXGroup;
			children = (
				5EBB4AF32A221264009C800F /* Supporting Files */,
				5EBB4ADF2A221212009C800F /* DocumentBrowserViewController.swift */,
				5EBB4AF52A22149E009C800F /* EmojiArt.swift */,
				5EBB4AFA2A22149E009C800F /* EmojiArtView.swift */,
				5EBB4AF62A22149E009C800F /* EmojiArtView+Gestures.swift */,
				5EBB4AF92A22149E009C800F /* EmojiArtViewController.swift */,
				5EBB4AF72A22149E009C800F /* EmojiCollectionViewCell.swift */,
				5EBB4AF82A22149E009C800F /* TextFieldCollectionViewCell.swift */,
				5EBB4AF42A22149E009C800F /* Utilities.swift */,
				5EBB4AE32A221212009C800F /* EmojiArtDocument.swift */,
				5EBB4AE52A221212009C800F /* Main.storyboard */,
				5EBB4AED2A221212009C800F /* Info.plist */,
			);
			path = EmojiArt;
			sourceTree = "<group>";
		};
		5EBB4AF32A221264009C800F /* Supporting Files */ = {
			isa = PBXGroup;
			children = (
				5EBB4ADD2A221212009C800F /* AppDelegate.swift */,
				5EBB4AE82A221212009C800F /* Assets.xcassets */,
				5EBB4AEA2A221212009C800F /* LaunchScreen.storyboard */,
			);
			path = "Supporting Files";
			sourceTree = "<group>";
		};
/* End PBXGroup section */

/* Begin PBXNativeTarget section */
		5EBB4AD92A221212009C800F /* EmojiArt */ = {
			isa = PBXNativeTarget;
			buildConfigurationList = 5EBB4AF02A221212009C800F /* Build configuration list for PBXNativeTarget "EmojiArt" */;
			buildPhases = (
				5EBB4AD62A221212009C800F /* Sources */,
				5EBB4AD72A221212009C800F /* Frameworks */,
				5EBB4AD82A221212009C800F /* Resources */,
			);
			buildRules = (
			);
			dependencies = (
			);
			name = EmojiArt;
			productName = EmojiArt;
			productReference = 5EBB4ADA2A221212009C800F /* EmojiArt.app */;
			productType = "com.apple.product-type.application";
		};
/* End PBXNativeTarget section */

/* Begin PBXProject section */
		5EBB4AD22A221212009C800F /* Project object */ = {
			isa = PBXProject;
			attributes = {
				BuildIndependentTargetsInParallel = 1;
				LastSwiftUpdateCheck = 1420;
				LastUpgradeCheck = 1420;
				TargetAttributes = {
					5EBB4AD92A221212009C800F = {
						CreatedOnToolsVersion = 14.2;
					};
				};
			};
			buildConfigurationList = 5EBB4AD52A221212009C800F /* Build configuration list for PBXProject "EmojiArt" */;
			compatibilityVersion = "Xcode 14.0";
			developmentRegion = en;
			hasScannedForEncodings = 0;
			knownRegions = (
				en,
				Base,
			);
			mainGroup = 5EBB4AD12A221212009C800F;
			productRefGroup = 5EBB4ADB2A221212009C800F /* Products */;
			projectDirPath = "";
			projectRoot = "";
			targets = (
				5EBB4AD92A221212009C800F /* EmojiArt */,
			);
		};
/* End PBXProject section */

/* Begin PBXResourcesBuildPhase section */
		5EBB4AD82A221212009C800F /* Resources */ = {
			isa = PBXResourcesBuildPhase;
			buildActionMask = 2147483647;
			files = (
				5EBB4AEC2A221212009C800F /* LaunchScreen.storyboard in Resources */,
				5EBB4AE92A221212009C800F /* Assets.xcassets in Resources */,
				5EBB4AE72A221212009C800F /* Main.storyboard in Resources */,
			);
			runOnlyForDeploymentPostprocessing = 0;
		};
/* End PBXResourcesBuildPhase section */

/* Begin PBXSourcesBuildPhase section */
		5EBB4AD62A221212009C800F /* Sources */ = {
			isa = PBXSourcesBuildPhase;
			buildActionMask = 2147483647;
			files = (
				5EBB4AFE2A22149E009C800F /* EmojiCollectionViewCell.swift in Sources */,
				5EBB4B012A22149E009C800F /* EmojiArtView.swift in Sources */,
				5EBB4B002A22149E009C800F /* EmojiArtViewController.swift in Sources */,
				5EBB4AE42A221212009C800F /* EmojiArtDocument.swift in Sources */,
				5EBB4AE02A221212009C800F /* DocumentBrowserViewController.swift in Sources */,
				5EBB4AFC2A22149E009C800F /* EmojiArt.swift in Sources */,
				5EBB4AFF2A22149E009C800F /* TextFieldCollectionViewCell.swift in Sources */,
				5EBB4AFB2A22149E009C800F /* Utilities.swift in Sources */,
				5EBB4ADE2A221212009C800F /* AppDelegate.swift in Sources */,
				5EBB4AFD2A22149E009C800F /* EmojiArtView+Gestures.swift in Sources */,
			);
			runOnlyForDeploymentPostprocessing = 0;
		};
/* End PBXSourcesBuildPhase section */

/* Begin PBXVariantGroup section */
		5EBB4AE52A221212009C800F /* Main.storyboard */ = {
			isa = PBXVariantGroup;
			children = (
				5EBB4AE62A221212009C800F /* Base */,
			);
			name = Main.storyboard;
			sourceTree = "<group>";
		};
		5EBB4AEA2A221212009C800F /* LaunchScreen.storyboard */ = {
			isa = PBXVariantGroup;
			children = (
				5EBB4AEB2A221212009C800F /* Base */,
			);
			name = LaunchScreen.storyboard;
			sourceTree = "<group>";
		};
/* End PBXVariantGroup section */

/* Begin XCBuildConfiguration section */
		5EBB4AEE2A221212009C800F /* Debug */ = {
			isa = XCBuildConfiguration;
			buildSettings = {
				ALWAYS_SEARCH_USER_PATHS = NO;
				CLANG_ANALYZER_NONNULL = YES;
				CLANG_ANALYZER_NUMBER_OBJECT_CONVERSION = YES_AGGRESSIVE;
				CLANG_CXX_LANGUAGE_STANDARD = "gnu++20";
				CLANG_ENABLE_MODULES = YES;
				CLANG_ENABLE_OBJC_ARC = YES;
				CLANG_ENABLE_OBJC_WEAK = YES;
				CLANG_WARN_BLOCK_CAPTURE_AUTORELEASING = YES;
				CLANG_WARN_BOOL_CONVERSION = YES;
				CLANG_WARN_COMMA = YES;
				CLANG_WARN_CONSTANT_CONVERSION = YES;
				CLANG_WARN_DEPRECATED_OBJC_IMPLEMENTATIONS = YES;
				CLANG_WARN_DIRECT_OBJC_ISA_USAGE = YES_ERROR;
				CLANG_WARN_DOCUMENTATION_COMMENTS = YES;
				CLANG_WARN_EMPTY_BODY = YES;
				CLANG_WARN_ENUM_CONVERSION = YES;
				CLANG_WARN_INFINITE_RECURSION = YES;
				CLANG_WARN_INT_CONVERSION = YES;
				CLANG_WARN_NON_LITERAL_NULL_CONVERSION = YES;
				CLANG_WARN_OBJC_IMPLICIT_RETAIN_SELF = YES;
				CLANG_WARN_OBJC_LITERAL_CONVERSION = YES;
				CLANG_WARN_OBJC_ROOT_CLASS = YES_ERROR;
				CLANG_WARN_QUOTED_INCLUDE_IN_FRAMEWORK_HEADER = YES;
				CLANG_WARN_RANGE_LOOP_ANALYSIS = YES;
				CLANG_WARN_STRICT_PROTOTYPES = YES;
				CLANG_WARN_SUSPICIOUS_MOVE = YES;
				CLANG_WARN_UNGUARDED_AVAILABILITY = YES_AGGRESSIVE;
				CLANG_WARN_UNREACHABLE_CODE = YES;
				CLANG_WARN__DUPLICATE_METHOD_MATCH = YES;
				COPY_PHASE_STRIP = NO;
				DEBUG_INFORMATION_FORMAT = dwarf;
				ENABLE_STRICT_OBJC_MSGSEND = YES;
				ENABLE_TESTABILITY = YES;
				GCC_C_LANGUAGE_STANDARD = gnu11;
				GCC_DYNAMIC_NO_PIC = NO;
				GCC_NO_COMMON_BLOCKS = YES;
				GCC_OPTIMIZATION_LEVEL = 0;
				GCC_PREPROCESSOR_DEFINITIONS = (
					"DEBUG=1",
					"$(inherited)",
				);
				GCC_WARN_64_TO_32_BIT_CONVERSION = YES;
				GCC_WARN_ABOUT_RETURN_TYPE = YES_ERROR;
				GCC_WARN_UNDECLARED_SELECTOR = YES;
				GCC_WARN_UNINITIALIZED_AUTOS = YES_AGGRESSIVE;
				GCC_WARN_UNUSED_FUNCTION = YES;
				GCC_WARN_UNUSED_VARIABLE = YES;
				IPHONEOS_DEPLOYMENT_TARGET = 16.2;
				MTL_ENABLE_DEBUG_INFO = INCLUDE_SOURCE;
				MTL_FAST_MATH = YES;
				ONLY_ACTIVE_ARCH = YES;
				SDKROOT = iphoneos;
				SWIFT_ACTIVE_COMPILATION_CONDITIONS = DEBUG;
				SWIFT_OPTIMIZATION_LEVEL = "-Onone";
			};
			name = Debug;
		};
		5EBB4AEF2A221212009C800F /* Release */ = {
			isa = XCBuildConfiguration;
			buildSettings = {
				ALWAYS_SEARCH_USER_PATHS = NO;
				CLANG_ANALYZER_NONNULL = YES;
				CLANG_ANALYZER_NUMBER_OBJECT_CONVERSION = YES_AGGRESSIVE;
				CLANG_CXX_LANGUAGE_STANDARD = "gnu++20";
				CLANG_ENABLE_MODULES = YES;
				CLANG_ENABLE_OBJC_ARC = YES;
				CLANG_ENABLE_OBJC_WEAK = YES;
				CLANG_WARN_BLOCK_CAPTURE_AUTORELEASING = YES;
				CLANG_WARN_BOOL_CONVERSION = YES;
				CLANG_WARN_COMMA = YES;
				CLANG_WARN_CONSTANT_CONVERSION = YES;
				CLANG_WARN_DEPRECATED_OBJC_IMPLEMENTATIONS = YES;
				CLANG_WARN_DIRECT_OBJC_ISA_USAGE = YES_ERROR;
				CLANG_WARN_DOCUMENTATION_COMMENTS = YES;
				CLANG_WARN_EMPTY_BODY = YES;
				CLANG_WARN_ENUM_CONVERSION = YES;
				CLANG_WARN_INFINITE_RECURSION = YES;
				CLANG_WARN_INT_CONVERSION = YES;
				CLANG_WARN_NON_LITERAL_NULL_CONVERSION = YES;
				CLANG_WARN_OBJC_IMPLICIT_RETAIN_SELF = YES;
				CLANG_WARN_OBJC_LITERAL_CONVERSION = YES;
				CLANG_WARN_OBJC_ROOT_CLASS = YES_ERROR;
				CLANG_WARN_QUOTED_INCLUDE_IN_FRAMEWORK_HEADER = YES;
				CLANG_WARN_RANGE_LOOP_ANALYSIS = YES;
				CLANG_WARN_STRICT_PROTOTYPES = YES;
				CLANG_WARN_SUSPICIOUS_MOVE = YES;
				CLANG_WARN_UNGUARDED_AVAILABILITY = YES_AGGRESSIVE;
				CLANG_WARN_UNREACHABLE_CODE = YES;
				CLANG_WARN__DUPLICATE_METHOD_MATCH = YES;
				COPY_PHASE_STRIP = NO;
				DEBUG_INFORMATION_FORMAT = "dwarf-with-dsym";
				ENABLE_NS_ASSERTIONS = NO;
				ENABLE_STRICT_OBJC_MSGSEND = YES;
				GCC_C_LANGUAGE_STANDARD = gnu11;
				GCC_NO_COMMON_BLOCKS = YES;
				GCC_WARN_64_TO_32_BIT_CONVERSION = YES;
				GCC_WARN_ABOUT_RETURN_TYPE = YES_ERROR;
				GCC_WARN_UNDECLARED_SELECTOR = YES;
				GCC_WARN_UNINITIALIZED_AUTOS = YES_AGGRESSIVE;
				GCC_WARN_UNUSED_FUNCTION = YES;
				GCC_WARN_UNUSED_VARIABLE = YES;
				IPHONEOS_DEPLOYMENT_TARGET = 16.2;
				MTL_ENABLE_DEBUG_INFO = NO;
				MTL_FAST_MATH = YES;
				SDKROOT = iphoneos;
				SWIFT_COMPILATION_MODE = wholemodule;
				SWIFT_OPTIMIZATION_LEVEL = "-O";
				VALIDATE_PRODUCT = YES;
			};
			name = Release;
		};
		5EBB4AF12A221212009C800F /* Debug */ = {
			isa = XCBuildConfiguration;
			buildSettings = {
				ASSETCATALOG_COMPILER_APPICON_NAME = AppIcon;
				ASSETCATALOG_COMPILER_GLOBAL_ACCENT_COLOR_NAME = AccentColor;
				CODE_SIGN_STYLE = Automatic;
				CURRENT_PROJECT_VERSION = 1;
				GENERATE_INFOPLIST_FILE = YES;
				INFOPLIST_FILE = EmojiArt/Info.plist;
				INFOPLIST_KEY_UIApplicationSupportsIndirectInputEvents = YES;
				INFOPLIST_KEY_UILaunchStoryboardName = LaunchScreen;
				INFOPLIST_KEY_UIMainStoryboardFile = Main;
				INFOPLIST_KEY_UISupportedInterfaceOrientations_iPad = "UIInterfaceOrientationPortrait UIInterfaceOrientationPortraitUpsideDown UIInterfaceOrientationLandscapeLeft UIInterfaceOrientationLandscapeRight";
				INFOPLIST_KEY_UISupportedInterfaceOrientations_iPhone = "UIInterfaceOrientationPortrait UIInterfaceOrientationLandscapeLeft UIInterfaceOrientationLandscapeRight";
				INFOPLIST_KEY_UISupportsDocumentBrowser = YES;
				LD_RUNPATH_SEARCH_PATHS = (
					"$(inherited)",
					"@executable_path/Frameworks",
				);
				MARKETING_VERSION = 1.0;
				PRODUCT_BUNDLE_IDENTIFIER = com.allen.wong.EmojiArt;
				PRODUCT_NAME = "$(TARGET_NAME)";
				SWIFT_EMIT_LOC_STRINGS = YES;
				SWIFT_VERSION = 5.0;
				TARGETED_DEVICE_FAMILY = "1,2";
			};
			name = Debug;
		};
		5EBB4AF22A221212009C800F /* Release */ = {
			isa = XCBuildConfiguration;
			buildSettings = {
				ASSETCATALOG_COMPILER_APPICON_NAME = AppIcon;
				ASSETCATALOG_COMPILER_GLOBAL_ACCENT_COLOR_NAME = AccentColor;
				CODE_SIGN_STYLE = Automatic;
				CURRENT_PROJECT_VERSION = 1;
				GENERATE_INFOPLIST_FILE = YES;
				INFOPLIST_FILE = EmojiArt/Info.plist;
				INFOPLIST_KEY_UIApplicationSupportsIndirectInputEvents = YES;
				INFOPLIST_KEY_UILaunchStoryboardName = LaunchScreen;
				INFOPLIST_KEY_UIMainStoryboardFile = Main;
				INFOPLIST_KEY_UISupportedInterfaceOrientations_iPad = "UIInterfaceOrientationPortrait UIInterfaceOrientationPortraitUpsideDown UIInterfaceOrientationLandscapeLeft UIInterfaceOrientationLandscapeRight";
				INFOPLIST_KEY_UISupportedInterfaceOrientations_iPhone = "UIInterfaceOrientationPortrait UIInterfaceOrientationLandscapeLeft UIInterfaceOrientationLandscapeRight";
				INFOPLIST_KEY_UISupportsDocumentBrowser = YES;
				LD_RUNPATH_SEARCH_PATHS = (
					"$(inherited)",
					"@executable_path/Frameworks",
				);
				MARKETING_VERSION = 1.0;
				PRODUCT_BUNDLE_IDENTIFIER = com.allen.wong.EmojiArt;
				PRODUCT_NAME = "$(TARGET_NAME)";
				SWIFT_EMIT_LOC_STRINGS = YES;
				SWIFT_VERSION = 5.0;
				TARGETED_DEVICE_FAMILY = "1,2";
			};
			name = Release;
		};
/* End XCBuildConfiguration section */

/* Begin XCConfigurationList section */
		5EBB4AD52A221212009C800F /* Build configuration list for PBXProject "EmojiArt" */ = {
			isa = XCConfigurationList;
			buildConfigurations = (
				5EBB4AEE2A221212009C800F /* Debug */,
				5EBB4AEF2A221212009C800F /* Release */,
			);
			defaultConfigurationIsVisible = 0;
			defaultConfigurationName = Release;
		};
		5EBB4AF02A221212009C800F /* Build configuration list for PBXNativeTarget "EmojiArt" */ = {
			isa = XCConfigurationList;
			buildConfigurations = (
				5EBB4AF12A221212009C800F /* Debug */,
				5EBB4AF22A221212009C800F /* Release */,
			);
			defaultConfigurationIsVisible = 0;
			defaultConfigurationName = Release;
		};
/* End XCConfigurationList section */
	};
	rootObject = 5EBB4AD22A221212009C800F /* Project object */;
}
